<<<<<<< HEAD
bou.ke/monkey v1.0.1/go.mod h1:FgHuK96Rv2Nlf+0u1OOVDpCMdsWyOFmeeketDHE7LIg=
github.com/BurntSushi/toml v0.3.0/go.mod h1:xHWCNGjB5oqiDr8zfno3MHue2Ht5sIBksp03qcyfWMU=
=======
>>>>>>> Spec Updates
github.com/BurntSushi/toml v0.3.1 h1:WXkYYl6Yr3qBf1K79EBnL4mak0OimBfB0XUf9Vl28OQ=
github.com/BurntSushi/toml v0.3.1/go.mod h1:xHWCNGjB5oqiDr8zfno3MHue2Ht5sIBksp03qcyfWMU=
github.com/Masterminds/semver v1.4.2 h1:WBLTQ37jOCzSLtXNdoo8bNM8876KhNqOKvrlGITgsTc=
github.com/Masterminds/semver v1.4.2/go.mod h1:MB6lktGJrhw8PrUyiEoblNEGEQ+RzHPF078ddwwvV3Y=
<<<<<<< HEAD
github.com/blang/semver v3.5.1+incompatible h1:cQNTCjp13qL8KC3Nbxr/y2Bqb63oX6wdnnjpJbkM4JQ=
github.com/blang/semver v3.5.1+incompatible/go.mod h1:kRBLl5iJ+tD4TcOOxsy/0fnwebNt5EWlYSAyrTnjyyk=
github.com/bouk/monkey v1.0.1 h1:82kWEtyEjyfkRZb0DaQ5+7O5dJfe3GzF/o97+yUo5d0=
github.com/bouk/monkey v1.0.1/go.mod h1:PG/63f4XEUlVyW1ttIeOJmJhhe1+t9EC/je3eTjvFhE=
github.com/buildpack/libbuildpack v0.0.0-20180917215559-e0a1f1ae6c05/go.mod h1:8yCVTr9ZVay93VBZOqrJROhqMIA6UYT15KB85F1hyec=
github.com/buildpack/libbuildpack v1.1.0 h1:5+jZ9gMwbsZgH1/8fio54ocLP+rOeSHYr/eioKiMU0g=
github.com/buildpack/libbuildpack v1.1.0/go.mod h1:mQkH0X/7BBA87G6rVJvNcjEzomueEgAJE6/J7pO9xcM=
github.com/cloudfoundry/dagger v0.0.0-20181009222156-dbce16ce7202/go.mod h1:V7Ci7vHllPdz3lDINWv5lvepQeQt3KL1PYBY6/kSg6s=
github.com/cloudfoundry/dagger v0.0.0-20181025163309-a5dfdbd5a6e8/go.mod h1:V7Ci7vHllPdz3lDINWv5lvepQeQt3KL1PYBY6/kSg6s=
github.com/cloudfoundry/jvm-application-buildpack v0.0.0-20181025171913-d73dee678ffa h1:eSaunSRzduOC5kKnhlms43xgqnM6fS0oXwsanlfUVx8=
github.com/cloudfoundry/jvm-application-buildpack v0.0.0-20181025171913-d73dee678ffa/go.mod h1:Soe6BY3UBSZmbID5n3NXzYVs/Pk9kLaIc2Ijrv0/0/4=
github.com/cloudfoundry/libbuildpack v0.0.0-20180925210746-c4b9f2cc9968 h1:9uszVqOWWJIPtwF2T/LjwjiUrSNUknGFlWv8fH8CZDM=
github.com/cloudfoundry/libbuildpack v0.0.0-20180925210746-c4b9f2cc9968/go.mod h1:YCwi0hLymaYgwx8z9YrLbnIzch/2E89mqZkn2IVcpKk=
github.com/cloudfoundry/libjavabuildpack v0.0.0-20180921193157-e42458f4dcc7/go.mod h1:uycY5GlJpTka91uKUb3HehCqMiQW5ri2lOeURm5Tjk4=
github.com/cloudfoundry/libjavabuildpack v1.10.0 h1:+rmi/f5QLK3sRvvaIzESWD7QypUwBrY3FTXfEy87Udc=
github.com/cloudfoundry/libjavabuildpack v1.10.0/go.mod h1:Pn1mDZiBRIE5BN6FX9wnczputNLh85y4dHqwyUJqc0s=
github.com/cloudfoundry/nodejs-cnb v0.0.1-alpha.0.20181031162744-c608ad4496e4 h1:F8UTXkWd0qsPJBmN+3hbCMZW2FbiyCxOu0H3pFi9M1M=
github.com/cloudfoundry/nodejs-cnb v0.0.1-alpha.0.20181031162744-c608ad4496e4/go.mod h1:/mjHKqGdz3sQmleHkYF6HP9g9G9PZ/NU+nfXi2DWJjo=
github.com/cloudfoundry/npm-cnb v0.0.1-alpha h1:oN5NCAligNEskV7rFxyk5hHlI55fhrwkj23M2qve7yE=
github.com/cloudfoundry/npm-cnb v0.0.1-alpha/go.mod h1:ZJGK09oOU4ihlGtnq2F15/R5DJzsvnjHhxZs5LRb3Jg=
github.com/cloudfoundry/openjdk-buildpack v0.0.0-20181025171903-b8cc3b233d17 h1:6nG7XO0cQl8QK4cnmWembOFarBGusk8jDXuEDuKzvpA=
github.com/cloudfoundry/openjdk-buildpack v0.0.0-20181025171903-b8cc3b233d17/go.mod h1:jCKRBwkZ9klVPDTGmYlkK94Mml/7u1M9lMOQOQFxnkk=
github.com/davecgh/go-spew v1.1.1/go.mod h1:J7Y8YcW2NihsgmVo/mv3lAwl/skON4iLHjSsI+c5H38=
=======
github.com/buildpack/libbuildpack v1.6.0 h1:bR/G4OywhtvDTVLUxUCSfi1OYFUemj4MJDypTVtveSA=
github.com/buildpack/libbuildpack v1.6.0/go.mod h1:e8ntux4xFtNE7ewYCq0B5Q9xZxt3JrQlsPHVPA1Ciws=
github.com/cloudfoundry/dagger v0.0.0-20181213191240-0cc9888fce05/go.mod h1:+v+jGcEYl+evARINsuvwjAprxU+xkSjbMm0qIEop4fs=
github.com/cloudfoundry/jvm-application-buildpack v1.0.0-M3 h1:i2dXDQx/tppr5v2mU0VwYQF0Nz8FocNT7zPJANAHYz0=
github.com/cloudfoundry/jvm-application-buildpack v1.0.0-M3/go.mod h1:Umt0IYvNhnGyhFJvs3w9FrfBI685eSihhzfvfZQEUDY=
github.com/cloudfoundry/libcfbuildpack v1.28.0 h1:0c6Fe3KCBVWLV6jhaIz4nfFZZmtiJ4sMu0IZtjU/Ask=
github.com/cloudfoundry/libcfbuildpack v1.28.0/go.mod h1:OEwAwCqppAMwWrcrnxE0j0llq5HcvQHrUa6J5n8XMMc=
github.com/cloudfoundry/libcfbuildpack v1.29.0/go.mod h1:OEwAwCqppAMwWrcrnxE0j0llq5HcvQHrUa6J5n8XMMc=
github.com/cloudfoundry/libcfbuildpack v1.30.0 h1:izyWDnTU62IKQiMkya1ZFYNI1Q8tdRD+J5MYIsaZ9Fg=
github.com/cloudfoundry/libcfbuildpack v1.30.0/go.mod h1:OEwAwCqppAMwWrcrnxE0j0llq5HcvQHrUa6J5n8XMMc=
github.com/cloudfoundry/libcfbuildpack v1.31.0 h1:RB3PNdBE1S4xKDPI6tHqgT/oFAvRuM+Hjs5P9CCPvhA=
github.com/cloudfoundry/libcfbuildpack v1.31.0/go.mod h1:OEwAwCqppAMwWrcrnxE0j0llq5HcvQHrUa6J5n8XMMc=
github.com/cloudfoundry/nodejs-cnb v0.0.2 h1:lm558rFYf3+d9vLFYesc66EDRRxJBRgGqvksnJkY8BI=
github.com/cloudfoundry/nodejs-cnb v0.0.2/go.mod h1:jIMmJN7byxXmRCqlTmhZ9IB2lZU3MpyVcWDIx6PGiVo=
github.com/cloudfoundry/npm-cnb v0.0.2 h1:QZj2wmQJxmmOQxRAa5ZT5W5FXsiMB0OZFC6qRibY0zU=
github.com/cloudfoundry/npm-cnb v0.0.2/go.mod h1:3qFLiZj43FC5dkXaHUvAfhTflbbd6BEJMxKNVlaIsow=
github.com/cloudfoundry/openjdk-buildpack v1.0.0-M3 h1:lyCeohhsmNCVXVN/k5RXbmk+LW1lFLCFnCQQlnMbuvA=
github.com/cloudfoundry/openjdk-buildpack v1.0.0-M3/go.mod h1:YjlbRtI3RxgISAmQhv6wHL5SdKI5JjNTXs5/lHJCnSs=
>>>>>>> Spec Updates
github.com/fatih/color v1.7.0 h1:DkWD4oS2D8LGGgTQ6IvwJJXSL5Vp2ffcQg58nFV38Ys=
github.com/fatih/color v1.7.0/go.mod h1:Zm6kSWBoL9eyXnKyktHP6abPY2pDugNf5KwzbycvMj4=
github.com/fsnotify/fsnotify v1.4.7/go.mod h1:jwhsz4b93w/PPRr/qN1Yymfu8t87LnFCMoQvtojpjFo=
<<<<<<< HEAD
github.com/golang/mock v1.1.1/go.mod h1:oTYuIxOrZwtPieC+H1uAHpcLFnEyAGVDL/k47Jfbm0A=
github.com/golang/protobuf v1.2.0/go.mod h1:6lQm79b+lXiMfvg/cZm0SGofjICqVBUtrP5yJMmIC1U=
github.com/h2non/gock v1.0.10/go.mod h1:CZMcB0Lg5IWnr9bF79pPMg9WeV6WumxQiUJ1UvdO1iE=
=======
github.com/golang/mock v1.2.0 h1:28o5sBqPkBsMGnC6b4MvE2TzSr5/AT4c/1fLqVGIwlk=
github.com/golang/mock v1.2.0/go.mod h1:oTYuIxOrZwtPieC+H1uAHpcLFnEyAGVDL/k47Jfbm0A=
github.com/golang/protobuf v1.2.0 h1:P3YflyNX/ehuJFLhxviNdFxQPkGK5cDcApsge1SqnvM=
github.com/golang/protobuf v1.2.0/go.mod h1:6lQm79b+lXiMfvg/cZm0SGofjICqVBUtrP5yJMmIC1U=
github.com/hpcloud/tail v1.0.0 h1:nfCOvKYfkgYP8hkirhJocXT2+zOD8yUNjXaWfTlyFKI=
>>>>>>> Spec Updates
github.com/hpcloud/tail v1.0.0/go.mod h1:ab1qPbhIpdTxEkNHXyeSf5vhxWSCs/tWer42PpOxQnU=
github.com/kr/pretty v0.1.0 h1:L/CwN0zerZDmRFUapSPitk6f+Q3+0za1rQkzVuMiMFI=
github.com/kr/pretty v0.1.0/go.mod h1:dAy3ld7l9f0ibDNOQOHHMYYIIbhfbHSm3C4ZsoJORNo=
github.com/kr/pty v1.1.1/go.mod h1:pFQYn66WHrOpPYNljwOMqo10TkYh1fy3cYio2l3bCsQ=
github.com/kr/text v0.1.0 h1:45sCR5RtlFHMR4UwH9sdQ5TC8v0qDQCHnXt+kaKSTVE=
github.com/kr/text v0.1.0/go.mod h1:4Jbv+DJW3UT/LiOwJeYQe1efqtUx/iVham/4vfdArNI=
github.com/magiconair/properties v1.8.0/go.mod h1:PppfXfuXeibc/6YijjN8zIbojt8czPbwD3XqdrwzmxQ=
github.com/mattn/go-colorable v0.0.9 h1:UVL0vNpWh04HeJXV0KLcaT7r06gOH2l4OW6ddYRUIY4=
github.com/mattn/go-colorable v0.0.9/go.mod h1:9vuHe8Xs5qXnSaW/c/ABM9alt+Vo+STaOChaDxuIBZU=
github.com/mattn/go-isatty v0.0.4 h1:bnP0vzxcAdeI1zdubAl5PjU6zsERjGZb7raWodagDYs=
github.com/mattn/go-isatty v0.0.4/go.mod h1:M+lRXTBqGeGNdLjl/ufCoiOlB5xdOkqRJdNxMWT7Zi4=
<<<<<<< HEAD
github.com/nbio/st v0.0.0-20140626010706-e9e8d9816f32/go.mod h1:9wM+0iRr9ahx58uYLpLIr5fm8diHn0JbqRycJi6w0Ms=
github.com/onsi/ginkgo v1.6.0/go.mod h1:lLunBs/Ym6LB5Z9jYTR76FiuTmxDTDusOGeTQH+WWjE=
github.com/onsi/gomega v1.4.2/go.mod h1:ex+gbHU/CVuBBDIJjb2X0qEXbFg53c61hWP/1CpauHY=
github.com/pmezard/go-difflib v1.0.0/go.mod h1:iKH77koFhYxTK1pcRnkKkqfTogsbg7gZNVY4sRDYZ/4=
github.com/sclevine/spec v1.0.0 h1:ILQ08A/CHCz8GGqivOvI54Hy1U40wwcpkf7WtB1MQfY=
github.com/sclevine/spec v1.0.0/go.mod h1:W4J29eT/Kzv7/b9IWLB055Z+qvVC9vt0Arko24q7p+U=
github.com/stretchr/testify v1.2.2/go.mod h1:a8OnRcib4nhh0OaRAV+Yts87kKdq0PP7pXfy6kDkUVs=
golang.org/x/net v0.0.0-20180906233101-161cd47e91fd/go.mod h1:mL1N/T3taQHkDXs73rZJwtUhF3w3ftmwwsq0BUmARs4=
golang.org/x/net v0.0.0-20180911220305-26e67e76b6c3/go.mod h1:mL1N/T3taQHkDXs73rZJwtUhF3w3ftmwwsq0BUmARs4=
=======
github.com/mitchellh/mapstructure v1.1.2 h1:fmNYVwqnSfB9mZU6OS2O6GsXM+wcskZDuKQzvN1EDeE=
github.com/mitchellh/mapstructure v1.1.2/go.mod h1:FVVH3fgwuzCH5S8UJGiWEs2h04kUh9fWfEaFds41c1Y=
github.com/onsi/ginkgo v1.6.0/go.mod h1:lLunBs/Ym6LB5Z9jYTR76FiuTmxDTDusOGeTQH+WWjE=
github.com/onsi/ginkgo v1.7.0 h1:WSHQ+IS43OoUrWtD1/bbclrwK8TTH5hzp+umCiuxHgs=
github.com/onsi/ginkgo v1.7.0/go.mod h1:lLunBs/Ym6LB5Z9jYTR76FiuTmxDTDusOGeTQH+WWjE=
github.com/onsi/gomega v1.4.3 h1:RE1xgDvH7imwFD45h+u2SgIfERHlS2yNG4DObb5BSKU=
github.com/onsi/gomega v1.4.3/go.mod h1:ex+gbHU/CVuBBDIJjb2X0qEXbFg53c61hWP/1CpauHY=
github.com/sclevine/spec v1.2.0 h1:1Jwdf9jSfDl9NVmt8ndHqbTZ7XCCPbh1jI3hkDBHVYA=
github.com/sclevine/spec v1.2.0/go.mod h1:W4J29eT/Kzv7/b9IWLB055Z+qvVC9vt0Arko24q7p+U=
golang.org/x/net v0.0.0-20180906233101-161cd47e91fd/go.mod h1:mL1N/T3taQHkDXs73rZJwtUhF3w3ftmwwsq0BUmARs4=
golang.org/x/net v0.0.0-20181207154023-610586996380 h1:zPQexyRtNYBc7bcHmehl1dH6TB3qn8zytv8cBGLDNY0=
golang.org/x/net v0.0.0-20181207154023-610586996380/go.mod h1:mL1N/T3taQHkDXs73rZJwtUhF3w3ftmwwsq0BUmARs4=
golang.org/x/net v0.0.0-20181213202711-891ebc4b82d6 h1:gT0Y6H7hbVPUtvtk0YGxMXPgN+p8fYlqWkgJeUCZcaQ=
golang.org/x/net v0.0.0-20181213202711-891ebc4b82d6/go.mod h1:mL1N/T3taQHkDXs73rZJwtUhF3w3ftmwwsq0BUmARs4=
>>>>>>> Spec Updates
golang.org/x/sync v0.0.0-20180314180146-1d60e4601c6f/go.mod h1:RxMgew5VJxzue5/jJTE5uejpjVlOe/izrB70Jof72aM=
golang.org/x/sync v0.0.0-20181108010431-42b317875d0f h1:Bl/8QSvNqXvPGPGXa2z5xUTmV7VDcZyvRZ+QQXkXTZQ=
golang.org/x/sync v0.0.0-20181108010431-42b317875d0f/go.mod h1:RxMgew5VJxzue5/jJTE5uejpjVlOe/izrB70Jof72aM=
golang.org/x/sys v0.0.0-20180909124046-d0be0721c37e/go.mod h1:STP8DvDyc/dI5b8T5hshtkjS+E42TnysNCUPdjciGhY=
<<<<<<< HEAD
golang.org/x/sys v0.0.0-20180920110915-d641721ec2de/go.mod h1:STP8DvDyc/dI5b8T5hshtkjS+E42TnysNCUPdjciGhY=
golang.org/x/sys v0.0.0-20180925112736-b09afc3d579e/go.mod h1:STP8DvDyc/dI5b8T5hshtkjS+E42TnysNCUPdjciGhY=
golang.org/x/sys v0.0.0-20181024145615-5cd93ef61a7c/go.mod h1:STP8DvDyc/dI5b8T5hshtkjS+E42TnysNCUPdjciGhY=
golang.org/x/sys v0.0.0-20181025063200-d989b31c8746/go.mod h1:STP8DvDyc/dI5b8T5hshtkjS+E42TnysNCUPdjciGhY=
golang.org/x/text v0.3.0/go.mod h1:NqM8EUOU14njkJ3fqMW+pc6Ldnwhi/IjpwHt7yyuwOQ=
gopkg.in/check.v1 v0.0.0-20161208181325-20d25e280405/go.mod h1:Co6ibVJAznAaIkqp8huTwlJQCZ016jof/cbN4VW5Yz0=
gopkg.in/fsnotify.v1 v1.4.7/go.mod h1:Tz8NjZHkW78fSQdbUxIjBTcgA1z1m8ZHf0WmKUhAMys=
gopkg.in/jarcoal/httpmock.v1 v1.0.0-20180719183105-8007e27cdb32/go.mod h1:d3R+NllX3X5e0zlG1Rful3uLvsGC/Q3OHut5464DEQw=
=======
golang.org/x/sys v0.0.0-20181210030007-2a47403f2ae5 h1:SlFRMb9PEnqzqnBRCynVOhxv4vHjB2lnIoxK6p5nzFM=
golang.org/x/sys v0.0.0-20181210030007-2a47403f2ae5/go.mod h1:STP8DvDyc/dI5b8T5hshtkjS+E42TnysNCUPdjciGhY=
golang.org/x/sys v0.0.0-20181212120007-b05ddf57801d/go.mod h1:STP8DvDyc/dI5b8T5hshtkjS+E42TnysNCUPdjciGhY=
golang.org/x/sys v0.0.0-20181213150753-586ba8c9bb14 h1:8Hv0743wQZ6yG4J68aEucxCo9gnNr5slt2ateMueVcU=
golang.org/x/sys v0.0.0-20181213150753-586ba8c9bb14/go.mod h1:STP8DvDyc/dI5b8T5hshtkjS+E42TnysNCUPdjciGhY=
golang.org/x/sys v0.0.0-20181213200352-4d1cda033e06 h1:0oC8rFnE+74kEmuHZ46F6KHsMr5Gx2gUQPuNz28iQZM=
golang.org/x/sys v0.0.0-20181213200352-4d1cda033e06/go.mod h1:STP8DvDyc/dI5b8T5hshtkjS+E42TnysNCUPdjciGhY=
golang.org/x/text v0.3.0 h1:g61tztE5qeGQ89tm6NTjjM9VPIm088od1l6aSorWRWg=
golang.org/x/text v0.3.0/go.mod h1:NqM8EUOU14njkJ3fqMW+pc6Ldnwhi/IjpwHt7yyuwOQ=
gopkg.in/check.v1 v0.0.0-20161208181325-20d25e280405/go.mod h1:Co6ibVJAznAaIkqp8huTwlJQCZ016jof/cbN4VW5Yz0=
gopkg.in/check.v1 v1.0.0-20180628173108-788fd7840127 h1:qIbj1fsPNlZgppZ+VLlY7N33q108Sa+fhmuc+sWQYwY=
gopkg.in/check.v1 v1.0.0-20180628173108-788fd7840127/go.mod h1:Co6ibVJAznAaIkqp8huTwlJQCZ016jof/cbN4VW5Yz0=
gopkg.in/fsnotify.v1 v1.4.7 h1:xOHLXZwVvI9hhs+cLKq5+I5onOuwQLhQwiu63xxlHs4=
gopkg.in/fsnotify.v1 v1.4.7/go.mod h1:Tz8NjZHkW78fSQdbUxIjBTcgA1z1m8ZHf0WmKUhAMys=
gopkg.in/tomb.v1 v1.0.0-20141024135613-dd632973f1e7 h1:uRGJdciOHaEIrze2W8Q3AKkepLTh2hOroT7a+7czfdQ=
>>>>>>> Spec Updates
gopkg.in/tomb.v1 v1.0.0-20141024135613-dd632973f1e7/go.mod h1:dt/ZhP58zS4L8KSrWDmTeBkI65Dw0HsyUHuEVlX15mw=
gopkg.in/yaml.v2 v2.2.1/go.mod h1:hI93XBmqTisBFMUTm0b8Fm+jr3Dg1NNxqwp+5A1VGuI=
gopkg.in/yaml.v2 v2.2.2 h1:ZCJp+EgiOT7lHqUV2J862kp8Qj64Jo6az82+3Td9dZw=
gopkg.in/yaml.v2 v2.2.2/go.mod h1:hI93XBmqTisBFMUTm0b8Fm+jr3Dg1NNxqwp+5A1VGuI=
